
Microsoft Visual Studio Solution File, Format Version 12.00
# Visual Studio 15
VisualStudioVersion = 15.0.28307.757
MinimumVisualStudioVersion = 10.0.40219.1
Project("{FAE04EC0-301F-11D3-BF4B-00C04F79EFBC}") = "Pho84SnackMVC", "Pho84SnackMVC\Pho84SnackMVC.csproj", "{DF58C8DA-9922-4CD5-BF84-A438C095239B}"
EndProject
Global
	GlobalSection(SolutionConfigurationPlatforms) = preSolution
		Debug|Any CPU = Debug|Any CPU
		Release|Any CPU = Release|Any CPU
	EndGlobalSection
	GlobalSection(ProjectConfigurationPlatforms) = postSolution
		{DF58C8DA-9922-4CD5-BF84-A438C095239B}.Debug|Any CPU.ActiveCfg = Debug|Any CPU
		{DF58C8DA-9922-4CD5-BF84-A438C095239B}.Debug|Any CPU.Build.0 = Debug|Any CPU
		{DF58C8DA-9922-4CD5-BF84-A438C095239B}.Release|Any CPU.ActiveCfg = Release|Any CPU
		{DF58C8DA-9922-4CD5-BF84-A438C095239B}.Release|Any CPU.Build.0 = Release|Any CPU
	EndGlobalSection
	GlobalSection(SolutionProperties) = preSolution
		HideSolutionNode = FALSE
	EndGlobalSection
	GlobalSection(ExtensibilityGlobals) = postSolution
		SolutionGuid = {2E267177-E1BB-438D-8A1B-4512723682BA}
	EndGlobalSection
EndGlobal
